
Microsoft Visual Studio Solution File, Format Version 12.00
# Visual Studio 14
VisualStudioVersion = 14.0.25123.0
MinimumVisualStudioVersion = 10.0.40219.1
Project("{2150E333-8FDC-42A3-9474-1A3956D46DE8}") = "01实体层", "01实体层", "{2DE943F8-C6EF-479A-9B4D-72DF0B7217F8}"
EndProject
Project("{2150E333-8FDC-42A3-9474-1A3956D46DE8}") = "02数据仓储层", "02数据仓储层", "{EC885E82-5B85-4104-B7AE-F83F62538921}"
EndProject
Project("{2150E333-8FDC-42A3-9474-1A3956D46DE8}") = "03业务逻辑层", "03业务逻辑层", "{0C15AE33-28BE-43D1-BA68-59341842260E}"
EndProject
Project("{2150E333-8FDC-42A3-9474-1A3956D46DE8}") = "04公共层", "04公共层", "{15E3F24F-9093-4619-B712-98E6207F0EA6}"
EndProject
Project("{2150E333-8FDC-42A3-9474-1A3956D46DE8}") = "05UI层", "05UI层", "{233941F1-8AB6-4F43-A563-64CF19E4AA7E}"
EndProject
Project("{FAE04EC0-301F-11D3-BF4B-00C04F79EFBC}") = "CRM.Model", "CRM.Model\CRM.Model.csproj", "{8A4BB6B6-5B2A-46B4-8710-04A761101942}"
EndProject
Project("{FAE04EC0-301F-11D3-BF4B-00C04F79EFBC}") = "CRM.Repository", "CRM.Repository\CRM.Repository.csproj", "{77DD3E92-C5E0-4385-A046-E1906269B179}"
EndProject
Project("{FAE04EC0-301F-11D3-BF4B-00C04F79EFBC}") = "CRM.IRepository", "CRM.IRepository\CRM.IRepository.csproj", "{FC7D8447-2656-4A6C-B348-13FA67551022}"
EndProject
Project("{FAE04EC0-301F-11D3-BF4B-00C04F79EFBC}") = "CRM.IServer", "CRM.IServer\CRM.IServer.csproj", "{1EB240AA-C529-4193-B5DC-BBBD05D15269}"
EndProject
Project("{FAE04EC0-301F-11D3-BF4B-00C04F79EFBC}") = "CRM.Server", "CRM.Server\CRM.Server.csproj", "{12C69AA5-2248-408E-BF93-87C60C634E89}"
EndProject
Project("{FAE04EC0-301F-11D3-BF4B-00C04F79EFBC}") = "CRM.Common", "CRM.Common\CRM.Common.csproj", "{FE4808E9-C367-420E-BEF5-522007588220}"
EndProject
Project("{FAE04EC0-301F-11D3-BF4B-00C04F79EFBC}") = "CRM.EntityMapping", "CRM.EntityMapping\CRM.EntityMapping.csproj", "{428672EE-B52B-4538-89A9-E97E12E7C4A5}"
EndProject
Project("{FAE04EC0-301F-11D3-BF4B-00C04F79EFBC}") = "CRM.WebHelper", "CRM.WebHelper\CRM.WebHelper.csproj", "{0AFF32A9-97E3-4541-863F-5BDF383E879E}"
EndProject
Project("{FAE04EC0-301F-11D3-BF4B-00C04F79EFBC}") = "CRM.Site", "CRM.Site\CRM.Site.csproj", "{0FDE3807-5E71-404C-B5AF-0A6A49EB37D0}"
EndProject
Global
	GlobalSection(SolutionConfigurationPlatforms) = preSolution
		Debug|Any CPU = Debug|Any CPU
		Release|Any CPU = Release|Any CPU
	EndGlobalSection
	GlobalSection(ProjectConfigurationPlatforms) = postSolution
		{8A4BB6B6-5B2A-46B4-8710-04A761101942}.Debug|Any CPU.ActiveCfg = Debug|Any CPU
		{8A4BB6B6-5B2A-46B4-8710-04A761101942}.Debug|Any CPU.Build.0 = Debug|Any CPU
		{8A4BB6B6-5B2A-46B4-8710-04A761101942}.Release|Any CPU.ActiveCfg = Release|Any CPU
		{8A4BB6B6-5B2A-46B4-8710-04A761101942}.Release|Any CPU.Build.0 = Release|Any CPU
		{77DD3E92-C5E0-4385-A046-E1906269B179}.Debug|Any CPU.ActiveCfg = Debug|Any CPU
		{77DD3E92-C5E0-4385-A046-E1906269B179}.Debug|Any CPU.Build.0 = Debug|Any CPU
		{77DD3E92-C5E0-4385-A046-E1906269B179}.Release|Any CPU.ActiveCfg = Release|Any CPU
		{77DD3E92-C5E0-4385-A046-E1906269B179}.Release|Any CPU.Build.0 = Release|Any CPU
		{FC7D8447-2656-4A6C-B348-13FA67551022}.Debug|Any CPU.ActiveCfg = Debug|Any CPU
		{FC7D8447-2656-4A6C-B348-13FA67551022}.Debug|Any CPU.Build.0 = Debug|Any CPU
		{FC7D8447-2656-4A6C-B348-13FA67551022}.Release|Any CPU.ActiveCfg = Release|Any CPU
		{FC7D8447-2656-4A6C-B348-13FA67551022}.Release|Any CPU.Build.0 = Release|Any CPU
		{1EB240AA-C529-4193-B5DC-BBBD05D15269}.Debug|Any CPU.ActiveCfg = Debug|Any CPU
		{1EB240AA-C529-4193-B5DC-BBBD05D15269}.Debug|Any CPU.Build.0 = Debug|Any CPU
		{1EB240AA-C529-4193-B5DC-BBBD05D15269}.Release|Any CPU.ActiveCfg = Release|Any CPU
		{1EB240AA-C529-4193-B5DC-BBBD05D15269}.Release|Any CPU.Build.0 = Release|Any CPU
		{12C69AA5-2248-408E-BF93-87C60C634E89}.Debug|Any CPU.ActiveCfg = Debug|Any CPU
		{12C69AA5-2248-408E-BF93-87C60C634E89}.Debug|Any CPU.Build.0 = Debug|Any CPU
		{12C69AA5-2248-408E-BF93-87C60C634E89}.Release|Any CPU.ActiveCfg = Release|Any CPU
		{12C69AA5-2248-408E-BF93-87C60C634E89}.Release|Any CPU.Build.0 = Release|Any CPU
		{FE4808E9-C367-420E-BEF5-522007588220}.Debug|Any CPU.ActiveCfg = Debug|Any CPU
		{FE4808E9-C367-420E-BEF5-522007588220}.Debug|Any CPU.Build.0 = Debug|Any CPU
		{FE4808E9-C367-420E-BEF5-522007588220}.Release|Any CPU.ActiveCfg = Release|Any CPU
		{FE4808E9-C367-420E-BEF5-522007588220}.Release|Any CPU.Build.0 = Release|Any CPU
		{428672EE-B52B-4538-89A9-E97E12E7C4A5}.Debug|Any CPU.ActiveCfg = Debug|Any CPU
		{428672EE-B52B-4538-89A9-E97E12E7C4A5}.Debug|Any CPU.Build.0 = Debug|Any CPU
		{428672EE-B52B-4538-89A9-E97E12E7C4A5}.Release|Any CPU.ActiveCfg = Release|Any CPU
		{428672EE-B52B-4538-89A9-E97E12E7C4A5}.Release|Any CPU.Build.0 = Release|Any CPU
		{0AFF32A9-97E3-4541-863F-5BDF383E879E}.Debug|Any CPU.ActiveCfg = Debug|Any CPU
		{0AFF32A9-97E3-4541-863F-5BDF383E879E}.Debug|Any CPU.Build.0 = Debug|Any CPU
		{0AFF32A9-97E3-4541-863F-5BDF383E879E}.Release|Any CPU.ActiveCfg = Release|Any CPU
		{0AFF32A9-97E3-4541-863F-5BDF383E879E}.Release|Any CPU.Build.0 = Release|Any CPU
		{0FDE3807-5E71-404C-B5AF-0A6A49EB37D0}.Debug|Any CPU.ActiveCfg = Debug|Any CPU
		{0FDE3807-5E71-404C-B5AF-0A6A49EB37D0}.Debug|Any CPU.Build.0 = Debug|Any CPU
		{0FDE3807-5E71-404C-B5AF-0A6A49EB37D0}.Release|Any CPU.ActiveCfg = Release|Any CPU
		{0FDE3807-5E71-404C-B5AF-0A6A49EB37D0}.Release|Any CPU.Build.0 = Release|Any CPU
	EndGlobalSection
	GlobalSection(SolutionProperties) = preSolution
		HideSolutionNode = FALSE
	EndGlobalSection
	GlobalSection(NestedProjects) = preSolution
		{8A4BB6B6-5B2A-46B4-8710-04A761101942} = {2DE943F8-C6EF-479A-9B4D-72DF0B7217F8}
		{77DD3E92-C5E0-4385-A046-E1906269B179} = {EC885E82-5B85-4104-B7AE-F83F62538921}
		{FC7D8447-2656-4A6C-B348-13FA67551022} = {EC885E82-5B85-4104-B7AE-F83F62538921}
		{1EB240AA-C529-4193-B5DC-BBBD05D15269} = {0C15AE33-28BE-43D1-BA68-59341842260E}
		{12C69AA5-2248-408E-BF93-87C60C634E89} = {0C15AE33-28BE-43D1-BA68-59341842260E}
		{FE4808E9-C367-420E-BEF5-522007588220} = {15E3F24F-9093-4619-B712-98E6207F0EA6}
		{428672EE-B52B-4538-89A9-E97E12E7C4A5} = {15E3F24F-9093-4619-B712-98E6207F0EA6}
		{0AFF32A9-97E3-4541-863F-5BDF383E879E} = {233941F1-8AB6-4F43-A563-64CF19E4AA7E}
		{0FDE3807-5E71-404C-B5AF-0A6A49EB37D0} = {233941F1-8AB6-4F43-A563-64CF19E4AA7E}
	EndGlobalSection
EndGlobal
